
Microsoft Visual Studio Solution File, Format Version 12.00
# Visual Studio 15
VisualStudioVersion = 15.0.28307.1340
MinimumVisualStudioVersion = 10.0.40219.1
Project("{9A19103F-16F7-4668-BE54-9A1E7A4F7556}") = "BusReservation", "BusReservation\BusReservation.csproj", "{467D91B8-A078-4733-9DE1-F6EE11ABA35D}"
EndProject
Project("{9A19103F-16F7-4668-BE54-9A1E7A4F7556}") = "Bus.DataLayer", "Bus.DataLayer\Bus.DataLayer.csproj", "{4F01E3AE-DF4A-4FD6-846A-1D0B9ABC0F61}"
EndProject
Project("{9A19103F-16F7-4668-BE54-9A1E7A4F7556}") = "Bus.DomainModel", "Bus.DomainModel\Bus.DomainModel.csproj", "{980790CA-76C0-40EB-A99B-920EE006155D}"
EndProject
Project("{FAE04EC0-301F-11D3-BF4B-00C04F79EFBC}") = "Bus.RepositoryLayer", "Bus.RepositoryLayer\Bus.RepositoryLayer.csproj", "{C76C5D9D-A06C-4383-9350-7C896CAA414C}"
EndProject
Project("{FAE04EC0-301F-11D3-BF4B-00C04F79EFBC}") = "Bus.RepositoryContract", "Bus.RepositoryContract\Bus.RepositoryContract.csproj", "{1DAE6144-2127-411C-9D07-399A960BB7C8}"
EndProject
Global
	GlobalSection(SolutionConfigurationPlatforms) = preSolution
		Debug|Any CPU = Debug|Any CPU
		Release|Any CPU = Release|Any CPU
	EndGlobalSection
	GlobalSection(ProjectConfigurationPlatforms) = postSolution
		{467D91B8-A078-4733-9DE1-F6EE11ABA35D}.Debug|Any CPU.ActiveCfg = Debug|Any CPU
		{467D91B8-A078-4733-9DE1-F6EE11ABA35D}.Debug|Any CPU.Build.0 = Debug|Any CPU
		{467D91B8-A078-4733-9DE1-F6EE11ABA35D}.Release|Any CPU.ActiveCfg = Release|Any CPU
		{467D91B8-A078-4733-9DE1-F6EE11ABA35D}.Release|Any CPU.Build.0 = Release|Any CPU
		{4F01E3AE-DF4A-4FD6-846A-1D0B9ABC0F61}.Debug|Any CPU.ActiveCfg = Debug|Any CPU
		{4F01E3AE-DF4A-4FD6-846A-1D0B9ABC0F61}.Debug|Any CPU.Build.0 = Debug|Any CPU
		{4F01E3AE-DF4A-4FD6-846A-1D0B9ABC0F61}.Release|Any CPU.ActiveCfg = Release|Any CPU
		{4F01E3AE-DF4A-4FD6-846A-1D0B9ABC0F61}.Release|Any CPU.Build.0 = Release|Any CPU
		{980790CA-76C0-40EB-A99B-920EE006155D}.Debug|Any CPU.ActiveCfg = Debug|Any CPU
		{980790CA-76C0-40EB-A99B-920EE006155D}.Debug|Any CPU.Build.0 = Debug|Any CPU
		{980790CA-76C0-40EB-A99B-920EE006155D}.Release|Any CPU.ActiveCfg = Release|Any CPU
		{980790CA-76C0-40EB-A99B-920EE006155D}.Release|Any CPU.Build.0 = Release|Any CPU
		{C76C5D9D-A06C-4383-9350-7C896CAA414C}.Debug|Any CPU.ActiveCfg = Debug|Any CPU
		{C76C5D9D-A06C-4383-9350-7C896CAA414C}.Debug|Any CPU.Build.0 = Debug|Any CPU
		{C76C5D9D-A06C-4383-9350-7C896CAA414C}.Release|Any CPU.ActiveCfg = Release|Any CPU
		{C76C5D9D-A06C-4383-9350-7C896CAA414C}.Release|Any CPU.Build.0 = Release|Any CPU
		{1DAE6144-2127-411C-9D07-399A960BB7C8}.Debug|Any CPU.ActiveCfg = Debug|Any CPU
		{1DAE6144-2127-411C-9D07-399A960BB7C8}.Debug|Any CPU.Build.0 = Debug|Any CPU
		{1DAE6144-2127-411C-9D07-399A960BB7C8}.Release|Any CPU.ActiveCfg = Release|Any CPU
		{1DAE6144-2127-411C-9D07-399A960BB7C8}.Release|Any CPU.Build.0 = Release|Any CPU
	EndGlobalSection
	GlobalSection(SolutionProperties) = preSolution
		HideSolutionNode = FALSE
	EndGlobalSection
	GlobalSection(ExtensibilityGlobals) = postSolution
		SolutionGuid = {50BF3BA1-CED0-4D08-8844-9112A48C9364}
	EndGlobalSection
EndGlobal
